
Microsoft Visual Studio Solution File, Format Version 12.00
# Visual Studio 2013
VisualStudioVersion = 12.0.30110.0
MinimumVisualStudioVersion = 10.0.40219.1
Project("{2150E333-8FDC-42A3-9474-1A3956D46DE8}") = "project", "project", "{5FA7D1AD-DEDA-4553-81D1-6E4728386A2F}"
	ProjectSection(SolutionItems) = preProject
		build.cmd = build.cmd
		build.fsx = build.fsx
		LICENSE.md = LICENSE.md
		README.md = README.md
		RELEASE_NOTES.md = RELEASE_NOTES.md
		nuget\RProvider.nuspec = nuget\RProvider.nuspec
	EndProjectSection
EndProject
Project("{2150E333-8FDC-42A3-9474-1A3956D46DE8}") = ".nuget", ".nuget", "{6D45A358-1BAC-4180-BEE7-39996F45DEAC}"
	ProjectSection(SolutionItems) = preProject
		.nuget\NuGet.Config = .nuget\NuGet.Config
		.nuget\NuGet.exe = .nuget\NuGet.exe
		.nuget\NuGet.targets = .nuget\NuGet.targets
	EndProjectSection
EndProject
Project("{2150E333-8FDC-42A3-9474-1A3956D46DE8}") = "docs", "docs", "{B34F96AE-40C8-44AC-8D82-5196202C080E}"
EndProject
Project("{2150E333-8FDC-42A3-9474-1A3956D46DE8}") = "tools", "tools", "{9C22FF03-BB06-4332-8104-20AB4959BABA}"
	ProjectSection(SolutionItems) = preProject
		docs\tools\generate.fsx = docs\tools\generate.fsx
		docs\tools\templates\template.cshtml = docs\tools\templates\template.cshtml
	EndProjectSection
EndProject
Project("{2150E333-8FDC-42A3-9474-1A3956D46DE8}") = "content", "content", "{33FDB386-BD2B-417C-B94D-7C2F11A3E2D0}"
	ProjectSection(SolutionItems) = preProject
		docs\content\Charts-QuickStart.fsx = docs\content\Charts-QuickStart.fsx
		docs\content\howto.md = docs\content\howto.md
		docs\content\index.md = docs\content\index.md
		docs\content\internals.md = docs\content\internals.md
		docs\content\passing-data.fsx = docs\content\passing-data.fsx
		docs\content\plugins.md = docs\content\plugins.md
		docs\content\Statistics-QuickStart.fsx = docs\content\Statistics-QuickStart.fsx
		docs\content\tutorial.fsx = docs\content\tutorial.fsx
		docs\content\whatwhy.md = docs\content\whatwhy.md
	EndProjectSection
EndProject
Project("{F2A71F9B-5D33-465A-A702-920D77279786}") = "RProvider", "src\RProvider\RProvider.fsproj", "{5624F098-BE3F-4C8E-B50F-1CFC9E1E0708}"
EndProject
Project("{F2A71F9B-5D33-465A-A702-920D77279786}") = "RWrapperGenerator", "src\RWrapperGenerator\RWrapperGenerator.fsproj", "{66A390A5-526A-4BD1-B876-E7425B643C70}"
EndProject
Global
	GlobalSection(SolutionConfigurationPlatforms) = preSolution
		Debug|Any CPU = Debug|Any CPU
		Release|Any CPU = Release|Any CPU
	EndGlobalSection
	GlobalSection(ProjectConfigurationPlatforms) = postSolution
		{5624F098-BE3F-4C8E-B50F-1CFC9E1E0708}.Debug|Any CPU.ActiveCfg = Debug|Any CPU
		{5624F098-BE3F-4C8E-B50F-1CFC9E1E0708}.Debug|Any CPU.Build.0 = Debug|Any CPU
		{5624F098-BE3F-4C8E-B50F-1CFC9E1E0708}.Release|Any CPU.ActiveCfg = Release|Any CPU
		{5624F098-BE3F-4C8E-B50F-1CFC9E1E0708}.Release|Any CPU.Build.0 = Release|Any CPU
		{66A390A5-526A-4BD1-B876-E7425B643C70}.Debug|Any CPU.ActiveCfg = Debug|Any CPU
		{66A390A5-526A-4BD1-B876-E7425B643C70}.Debug|Any CPU.Build.0 = Debug|Any CPU
		{66A390A5-526A-4BD1-B876-E7425B643C70}.Release|Any CPU.ActiveCfg = Release|Any CPU
		{66A390A5-526A-4BD1-B876-E7425B643C70}.Release|Any CPU.Build.0 = Release|Any CPU
	EndGlobalSection
	GlobalSection(SolutionProperties) = preSolution
		HideSolutionNode = FALSE
	EndGlobalSection
	GlobalSection(NestedProjects) = preSolution
		{9C22FF03-BB06-4332-8104-20AB4959BABA} = {B34F96AE-40C8-44AC-8D82-5196202C080E}
		{33FDB386-BD2B-417C-B94D-7C2F11A3E2D0} = {B34F96AE-40C8-44AC-8D82-5196202C080E}
	EndGlobalSection
EndGlobal
